
Microsoft Visual Studio Solution File, Format Version 12.00
# Visual Studio 15
VisualStudioVersion = 15.0.28307.1145
MinimumVisualStudioVersion = 10.0.40219.1
Project("{F14B399A-7131-4C87-9E4B-1186C45EF12D}") = "nullvaluehandle", "nullvaluehandle\nullvaluehandle.rptproj", "{5C08E9FF-6169-4E0B-9118-3AB980B1504B}"
EndProject
Global
	GlobalSection(SolutionConfigurationPlatforms) = preSolution
		Debug|Default = Debug|Default
		DebugLocal|Default = DebugLocal|Default
		Release|Default = Release|Default
	EndGlobalSection
	GlobalSection(ProjectConfigurationPlatforms) = postSolution
		{5C08E9FF-6169-4E0B-9118-3AB980B1504B}.Debug|Default.ActiveCfg = Debug
		{5C08E9FF-6169-4E0B-9118-3AB980B1504B}.Debug|Default.Build.0 = Debug
		{5C08E9FF-6169-4E0B-9118-3AB980B1504B}.Debug|Default.Deploy.0 = Debug
		{5C08E9FF-6169-4E0B-9118-3AB980B1504B}.DebugLocal|Default.ActiveCfg = DebugLocal
		{5C08E9FF-6169-4E0B-9118-3AB980B1504B}.DebugLocal|Default.Build.0 = DebugLocal
		{5C08E9FF-6169-4E0B-9118-3AB980B1504B}.Release|Default.ActiveCfg = Release
		{5C08E9FF-6169-4E0B-9118-3AB980B1504B}.Release|Default.Build.0 = Release
		{5C08E9FF-6169-4E0B-9118-3AB980B1504B}.Release|Default.Deploy.0 = Release
	EndGlobalSection
	GlobalSection(SolutionProperties) = preSolution
		HideSolutionNode = FALSE
	EndGlobalSection
	GlobalSection(ExtensibilityGlobals) = postSolution
		SolutionGuid = {2E6C66A4-4A39-4FA3-9FBF-D6068513B0F8}
	EndGlobalSection
EndGlobal
