
Microsoft Visual Studio Solution File, Format Version 12.00
# Visual Studio 15
VisualStudioVersion = 15.0.28307.1145
MinimumVisualStudioVersion = 10.0.40219.1
Project("{F14B399A-7131-4C87-9E4B-1186C45EF12D}") = "reportvariables", "reportvariables\reportvariables.rptproj", "{4C07DCB3-3CB3-4F49-8316-00CC9CE40AA1}"
EndProject
Global
	GlobalSection(SolutionConfigurationPlatforms) = preSolution
		Debug|Default = Debug|Default
		DebugLocal|Default = DebugLocal|Default
		Release|Default = Release|Default
	EndGlobalSection
	GlobalSection(ProjectConfigurationPlatforms) = postSolution
		{4C07DCB3-3CB3-4F49-8316-00CC9CE40AA1}.Debug|Default.ActiveCfg = Debug
		{4C07DCB3-3CB3-4F49-8316-00CC9CE40AA1}.Debug|Default.Build.0 = Debug
		{4C07DCB3-3CB3-4F49-8316-00CC9CE40AA1}.Debug|Default.Deploy.0 = Debug
		{4C07DCB3-3CB3-4F49-8316-00CC9CE40AA1}.DebugLocal|Default.ActiveCfg = DebugLocal
		{4C07DCB3-3CB3-4F49-8316-00CC9CE40AA1}.DebugLocal|Default.Build.0 = DebugLocal
		{4C07DCB3-3CB3-4F49-8316-00CC9CE40AA1}.Release|Default.ActiveCfg = Release
		{4C07DCB3-3CB3-4F49-8316-00CC9CE40AA1}.Release|Default.Build.0 = Release
		{4C07DCB3-3CB3-4F49-8316-00CC9CE40AA1}.Release|Default.Deploy.0 = Release
	EndGlobalSection
	GlobalSection(SolutionProperties) = preSolution
		HideSolutionNode = FALSE
	EndGlobalSection
	GlobalSection(ExtensibilityGlobals) = postSolution
		SolutionGuid = {A9E4E003-707A-4AFA-99A5-B73D9D0BFDA5}
	EndGlobalSection
EndGlobal
