
Microsoft Visual Studio Solution File, Format Version 12.00
# Visual Studio Version 16
VisualStudioVersion = 16.0.30114.105
MinimumVisualStudioVersion = 10.0.40219.1
Project("{F14B399A-7131-4C87-9E4B-1186C45EF12D}") = "numind", "numind\numind.rptproj", "{1832E6B2-C6FA-4789-803D-DC93362D1401}"
EndProject
Global
	GlobalSection(SolutionConfigurationPlatforms) = preSolution
		Debug|Default = Debug|Default
		DebugLocal|Default = DebugLocal|Default
		Release|Default = Release|Default
	EndGlobalSection
	GlobalSection(ProjectConfigurationPlatforms) = postSolution
		{1832E6B2-C6FA-4789-803D-DC93362D1401}.Debug|Default.ActiveCfg = Debug
		{1832E6B2-C6FA-4789-803D-DC93362D1401}.Debug|Default.Build.0 = Debug
		{1832E6B2-C6FA-4789-803D-DC93362D1401}.Debug|Default.Deploy.0 = Debug
		{1832E6B2-C6FA-4789-803D-DC93362D1401}.DebugLocal|Default.ActiveCfg = DebugLocal
		{1832E6B2-C6FA-4789-803D-DC93362D1401}.DebugLocal|Default.Build.0 = DebugLocal
		{1832E6B2-C6FA-4789-803D-DC93362D1401}.Release|Default.ActiveCfg = Release
		{1832E6B2-C6FA-4789-803D-DC93362D1401}.Release|Default.Build.0 = Release
		{1832E6B2-C6FA-4789-803D-DC93362D1401}.Release|Default.Deploy.0 = Release
	EndGlobalSection
	GlobalSection(SolutionProperties) = preSolution
		HideSolutionNode = FALSE
	EndGlobalSection
	GlobalSection(ExtensibilityGlobals) = postSolution
		SolutionGuid = {5ED7C5BE-BFD4-42DD-B9CF-99C07952B5E7}
	EndGlobalSection
EndGlobal
